
Microsoft Visual Studio Solution File, Format Version 12.00
# Visual Studio Version 17
VisualStudioVersion = 17.11.35327.3
MinimumVisualStudioVersion = 10.0.40219.1
Project("{FAE04EC0-301F-11D3-BF4B-00C04F79EFBC}") = "PAINT PROJECT", "PAINT PROJECT.csproj", "{CA20FC95-D91D-420C-903F-0AE241AF3920}"
EndProject
Global
	GlobalSection(SolutionConfigurationPlatforms) = preSolution
		Debug|Any CPU = Debug|Any CPU
		Release|Any CPU = Release|Any CPU
	EndGlobalSection
	GlobalSection(ProjectConfigurationPlatforms) = postSolution
		{CA20FC95-D91D-420C-903F-0AE241AF3920}.Debug|Any CPU.ActiveCfg = Debug|Any CPU
		{CA20FC95-D91D-420C-903F-0AE241AF3920}.Debug|Any CPU.Build.0 = Debug|Any CPU
		{CA20FC95-D91D-420C-903F-0AE241AF3920}.Release|Any CPU.ActiveCfg = Release|Any CPU
		{CA20FC95-D91D-420C-903F-0AE241AF3920}.Release|Any CPU.Build.0 = Release|Any CPU
	EndGlobalSection
	GlobalSection(SolutionProperties) = preSolution
		HideSolutionNode = FALSE
	EndGlobalSection
	GlobalSection(ExtensibilityGlobals) = postSolution
		SolutionGuid = {8F695BE3-1139-4B72-86B8-4A135E3CB77B}
	EndGlobalSection
EndGlobal
